
Microsoft Visual Studio Solution File, Format Version 12.00
# Visual Studio Version 16
VisualStudioVersion = 16.0.31112.23
MinimumVisualStudioVersion = 10.0.40219.1
Project("{FAE04EC0-301F-11D3-BF4B-00C04F79EFBC}") = "PartyTime", "PartyTime\PartyTime.csproj", "{67CE6A10-4B77-4F15-8F83-8AC8B0CB5B44}"
EndProject
Global
	GlobalSection(SolutionConfigurationPlatforms) = preSolution
		Debug|Any CPU = Debug|Any CPU
		Release|Any CPU = Release|Any CPU
	EndGlobalSection
	GlobalSection(ProjectConfigurationPlatforms) = postSolution
		{67CE6A10-4B77-4F15-8F83-8AC8B0CB5B44}.Debug|Any CPU.ActiveCfg = Debug|Any CPU
		{67CE6A10-4B77-4F15-8F83-8AC8B0CB5B44}.Debug|Any CPU.Build.0 = Debug|Any CPU
		{67CE6A10-4B77-4F15-8F83-8AC8B0CB5B44}.Release|Any CPU.ActiveCfg = Release|Any CPU
		{67CE6A10-4B77-4F15-8F83-8AC8B0CB5B44}.Release|Any CPU.Build.0 = Release|Any CPU
	EndGlobalSection
	GlobalSection(SolutionProperties) = preSolution
		HideSolutionNode = FALSE
	EndGlobalSection
	GlobalSection(ExtensibilityGlobals) = postSolution
		SolutionGuid = {B3896C99-8E54-4E18-9297-A0B1C77CFC21}
	EndGlobalSection
EndGlobal
